// !$*UTF8*$!
{
	archiveVersion = 1;
	classes = {
	};
	objectVersion = 46;
	objects = {

/* Begin PBXBuildFile section */
		AD066F901842EDA5000CDD54 /* UIImageView+URLDownload.m in Sources */ = {isa = PBXBuildFile; fileRef = AD066F8F1842EDA5000CDD54 /* UIImageView+URLDownload.m */; };
		AD066F9A184356E8000CDD54 /* CLCacheManager.m in Sources */ = {isa = PBXBuildFile; fileRef = AD066F99184356E8000CDD54 /* CLCacheManager.m */; };
		AD066FA2184375BD000CDD54 /* CLImageView.m in Sources */ = {isa = PBXBuildFile; fileRef = AD066FA1184375BD000CDD54 /* CLImageView.m */; };
		ADBB8E0218556ADF00B9522F /* UIView+Frame.m in Sources */ = {isa = PBXBuildFile; fileRef = ADBB8E0118556ADF00B9522F /* UIView+Frame.m */; };
		ADBB8E0618556AE700B9522F /* UIImage+Utility.m in Sources */ = {isa = PBXBuildFile; fileRef = ADBB8E0518556AE700B9522F /* UIImage+Utility.m */; };
		ADED86F218423C3200CF7EAC /* Foundation.framework in Frameworks */ = {isa = PBXBuildFile; fileRef = ADED86F118423C3200CF7EAC /* Foundation.framework */; };
		ADED86F418423C3200CF7EAC /* CoreGraphics.framework in Frameworks */ = {isa = PBXBuildFile; fileRef = ADED86F318423C3200CF7EAC /* CoreGraphics.framework */; };
		ADED86F618423C3200CF7EAC /* UIKit.framework in Frameworks */ = {isa = PBXBuildFile; fileRef = ADED86F518423C3200CF7EAC /* UIKit.framework */; };
		ADED86FC18423C3200CF7EAC /* InfoPlist.strings in Resources */ = {isa = PBXBuildFile; fileRef = ADED86FA18423C3200CF7EAC /* InfoPlist.strings */; };
		ADED86FE18423C3200CF7EAC /* main.m in Sources */ = {isa = PBXBuildFile; fileRef = ADED86FD18423C3200CF7EAC /* main.m */; };
		ADED870218423C3200CF7EAC /* AppDelegate.m in Sources */ = {isa = PBXBuildFile; fileRef = ADED870118423C3200CF7EAC /* AppDelegate.m */; };
		ADED870518423C3200CF7EAC /* Main.storyboard in Resources */ = {isa = PBXBuildFile; fileRef = ADED870318423C3200CF7EAC /* Main.storyboard */; };
		ADED870818423C3200CF7EAC /* ViewController.m in Sources */ = {isa = PBXBuildFile; fileRef = ADED870718423C3200CF7EAC /* ViewController.m */; };
		ADED870A18423C3200CF7EAC /* Images.xcassets in Resources */ = {isa = PBXBuildFile; fileRef = ADED870918423C3200CF7EAC /* Images.xcassets */; };
		ADED871118423C3200CF7EAC /* XCTest.framework in Frameworks */ = {isa = PBXBuildFile; fileRef = ADED871018423C3200CF7EAC /* XCTest.framework */; };
		ADED871218423C3200CF7EAC /* Foundation.framework in Frameworks */ = {isa = PBXBuildFile; fileRef = ADED86F118423C3200CF7EAC /* Foundation.framework */; };
		ADED871318423C3200CF7EAC /* UIKit.framework in Frameworks */ = {isa = PBXBuildFile; fileRef = ADED86F518423C3200CF7EAC /* UIKit.framework */; };
		ADED871B18423C3200CF7EAC /* InfoPlist.strings in Resources */ = {isa = PBXBuildFile; fileRef = ADED871918423C3200CF7EAC /* InfoPlist.strings */; };
		ADED871D18423C3200CF7EAC /* CLImageViewerDemoTests.m in Sources */ = {isa = PBXBuildFile; fileRef = ADED871C18423C3200CF7EAC /* CLImageViewerDemoTests.m */; };
		ADFFD36718423E7C00D1712E /* CLFullscreenImageViewer.m in Sources */ = {isa = PBXBuildFile; fileRef = ADFFD35D18423E7C00D1712E /* CLFullscreenImageViewer.m */; };
		ADFFD36818423E7C00D1712E /* CLImagePagingView.m in Sources */ = {isa = PBXBuildFile; fileRef = ADFFD36018423E7C00D1712E /* CLImagePagingView.m */; };
		ADFFD36918423E7C00D1712E /* CLZoomingImageView.m in Sources */ = {isa = PBXBuildFile; fileRef = ADFFD36318423E7C00D1712E /* CLZoomingImageView.m */; };
		ADFFD36A18423E7C00D1712E /* UIImage+Placeholder.m in Sources */ = {isa = PBXBuildFile; fileRef = ADFFD36618423E7C00D1712E /* UIImage+Placeholder.m */; };
/* End PBXBuildFile section */

/* Begin PBXContainerItemProxy section */
		ADED871418423C3200CF7EAC /* PBXContainerItemProxy */ = {
			isa = PBXContainerItemProxy;
			containerPortal = ADED86E618423C3200CF7EAC /* Project object */;
			proxyType = 1;
			remoteGlobalIDString = ADED86ED18423C3200CF7EAC;
			remoteInfo = CLImageViewerDemo;
		};
/* End PBXContainerItemProxy section */

/* Begin PBXFileReference section */
		AD066F8E1842EDA5000CDD54 /* UIImageView+URLDownload.h */ = {isa = PBXFileReference; fileEncoding = 4; lastKnownFileType = sourcecode.c.h; name = "UIImageView+URLDownload.h"; path = "UIImageView+URLDownload/UIImageView+URLDownload.h"; sourceTree = "<group>"; };
		AD066F8F1842EDA5000CDD54 /* UIImageView+URLDownload.m */ = {isa = PBXFileReference; fileEncoding = 4; lastKnownFileType = sourcecode.c.objc; name = "UIImageView+URLDownload.m"; path = "UIImageView+URLDownload/UIImageView+URLDownload.m"; sourceTree = "<group>"; };
		AD066F98184356E8000CDD54 /* CLCacheManager.h */ = {isa = PBXFileReference; fileEncoding = 4; lastKnownFileType = sourcecode.c.h; name = CLCacheManager.h; path = CLCacheManager/CLCacheManager.h; sourceTree = "<group>"; };
		AD066F99184356E8000CDD54 /* CLCacheManager.m */ = {isa = PBXFileReference; fileEncoding = 4; lastKnownFileType = sourcecode.c.objc; name = CLCacheManager.m; path = CLCacheManager/CLCacheManager.m; sourceTree = "<group>"; };
		AD066FA0184375BD000CDD54 /* CLImageView.h */ = {isa = PBXFileReference; fileEncoding = 4; lastKnownFileType = sourcecode.c.h; name = CLImageView.h; path = CLImageView/CLImageView.h; sourceTree = "<group>"; };
		AD066FA1184375BD000CDD54 /* CLImageView.m */ = {isa = PBXFileReference; fileEncoding = 4; lastKnownFileType = sourcecode.c.objc; name = CLImageView.m; path = CLImageView/CLImageView.m; sourceTree = "<group>"; };
		ADBB8E0018556ADF00B9522F /* UIView+Frame.h */ = {isa = PBXFileReference; fileEncoding = 4; lastKnownFileType = sourcecode.c.h; path = "UIView+Frame.h"; sourceTree = "<group>"; };
		ADBB8E0118556ADF00B9522F /* UIView+Frame.m */ = {isa = PBXFileReference; fileEncoding = 4; lastKnownFileType = sourcecode.c.objc; path = "UIView+Frame.m"; sourceTree = "<group>"; };
		ADBB8E0418556AE700B9522F /* UIImage+Utility.h */ = {isa = PBXFileReference; fileEncoding = 4; lastKnownFileType = sourcecode.c.h; path = "UIImage+Utility.h"; sourceTree = "<group>"; };
		ADBB8E0518556AE700B9522F /* UIImage+Utility.m */ = {isa = PBXFileReference; fileEncoding = 4; lastKnownFileType = sourcecode.c.objc; path = "UIImage+Utility.m"; sourceTree = "<group>"; };
		ADED86EE18423C3200CF7EAC /* CLImageViewerDemo.app */ = {isa = PBXFileReference; explicitFileType = wrapper.application; includeInIndex = 0; path = CLImageViewerDemo.app; sourceTree = BUILT_PRODUCTS_DIR; };
		ADED86F118423C3200CF7EAC /* Foundation.framework */ = {isa = PBXFileReference; lastKnownFileType = wrapper.framework; name = Foundation.framework; path = System/Library/Frameworks/Foundation.framework; sourceTree = SDKROOT; };
		ADED86F318423C3200CF7EAC /* CoreGraphics.framework */ = {isa = PBXFileReference; lastKnownFileType = wrapper.framework; name = CoreGraphics.framework; path = System/Library/Frameworks/CoreGraphics.framework; sourceTree = SDKROOT; };
		ADED86F518423C3200CF7EAC /* UIKit.framework */ = {isa = PBXFileReference; lastKnownFileType = wrapper.framework; name = UIKit.framework; path = System/Library/Frameworks/UIKit.framework; sourceTree = SDKROOT; };
		ADED86F918423C3200CF7EAC /* CLImageViewerDemo-Info.plist */ = {isa = PBXFileReference; lastKnownFileType = text.plist.xml; path = "CLImageViewerDemo-Info.plist"; sourceTree = "<group>"; };
		ADED86FB18423C3200CF7EAC /* en */ = {isa = PBXFileReference; lastKnownFileType = text.plist.strings; name = en; path = en.lproj/InfoPlist.strings; sourceTree = "<group>"; };
		ADED86FD18423C3200CF7EAC /* main.m */ = {isa = PBXFileReference; lastKnownFileType = sourcecode.c.objc; path = main.m; sourceTree = "<group>"; };
		ADED86FF18423C3200CF7EAC /* CLImageViewerDemo-Prefix.pch */ = {isa = PBXFileReference; lastKnownFileType = sourcecode.c.h; path = "CLImageViewerDemo-Prefix.pch"; sourceTree = "<group>"; };
		ADED870018423C3200CF7EAC /* AppDelegate.h */ = {isa = PBXFileReference; lastKnownFileType = sourcecode.c.h; path = AppDelegate.h; sourceTree = "<group>"; };
		ADED870118423C3200CF7EAC /* AppDelegate.m */ = {isa = PBXFileReference; lastKnownFileType = sourcecode.c.objc; path = AppDelegate.m; sourceTree = "<group>"; };
		ADED870418423C3200CF7EAC /* Base */ = {isa = PBXFileReference; lastKnownFileType = file.storyboard; name = Base; path = Base.lproj/Main.storyboard; sourceTree = "<group>"; };
		ADED870618423C3200CF7EAC /* ViewController.h */ = {isa = PBXFileReference; lastKnownFileType = sourcecode.c.h; path = ViewController.h; sourceTree = "<group>"; };
		ADED870718423C3200CF7EAC /* ViewController.m */ = {isa = PBXFileReference; lastKnownFileType = sourcecode.c.objc; path = ViewController.m; sourceTree = "<group>"; };
		ADED870918423C3200CF7EAC /* Images.xcassets */ = {isa = PBXFileReference; lastKnownFileType = folder.assetcatalog; path = Images.xcassets; sourceTree = "<group>"; };
		ADED870F18423C3200CF7EAC /* CLImageViewerDemoTests.xctest */ = {isa = PBXFileReference; explicitFileType = wrapper.cfbundle; includeInIndex = 0; path = CLImageViewerDemoTests.xctest; sourceTree = BUILT_PRODUCTS_DIR; };
		ADED871018423C3200CF7EAC /* XCTest.framework */ = {isa = PBXFileReference; lastKnownFileType = wrapper.framework; name = XCTest.framework; path = Library/Frameworks/XCTest.framework; sourceTree = DEVELOPER_DIR; };
		ADED871818423C3200CF7EAC /* CLImageViewerDemoTests-Info.plist */ = {isa = PBXFileReference; lastKnownFileType = text.plist.xml; path = "CLImageViewerDemoTests-Info.plist"; sourceTree = "<group>"; };
		ADED871A18423C3200CF7EAC /* en */ = {isa = PBXFileReference; lastKnownFileType = text.plist.strings; name = en; path = en.lproj/InfoPlist.strings; sourceTree = "<group>"; };
		ADED871C18423C3200CF7EAC /* CLImageViewerDemoTests.m */ = {isa = PBXFileReference; lastKnownFileType = sourcecode.c.objc; path = CLImageViewerDemoTests.m; sourceTree = "<group>"; };
		ADFFD35C18423E7C00D1712E /* CLFullscreenImageViewer.h */ = {isa = PBXFileReference; fileEncoding = 4; lastKnownFileType = sourcecode.c.h; path = CLFullscreenImageViewer.h; sourceTree = "<group>"; };
		ADFFD35D18423E7C00D1712E /* CLFullscreenImageViewer.m */ = {isa = PBXFileReference; fileEncoding = 4; lastKnownFileType = sourcecode.c.objc; path = CLFullscreenImageViewer.m; sourceTree = "<group>"; };
		ADFFD35F18423E7C00D1712E /* CLImagePagingView.h */ = {isa = PBXFileReference; fileEncoding = 4; lastKnownFileType = sourcecode.c.h; path = CLImagePagingView.h; sourceTree = "<group>"; };
		ADFFD36018423E7C00D1712E /* CLImagePagingView.m */ = {isa = PBXFileReference; fileEncoding = 4; lastKnownFileType = sourcecode.c.objc; path = CLImagePagingView.m; sourceTree = "<group>"; };
		ADFFD36218423E7C00D1712E /* CLZoomingImageView.h */ = {isa = PBXFileReference; fileEncoding = 4; lastKnownFileType = sourcecode.c.h; path = CLZoomingImageView.h; sourceTree = "<group>"; };
		ADFFD36318423E7C00D1712E /* CLZoomingImageView.m */ = {isa = PBXFileReference; fileEncoding = 4; lastKnownFileType = sourcecode.c.objc; path = CLZoomingImageView.m; sourceTree = "<group>"; };
		ADFFD36518423E7C00D1712E /* UIImage+Placeholder.h */ = {isa = PBXFileReference; fileEncoding = 4; lastKnownFileType = sourcecode.c.h; path = "UIImage+Placeholder.h"; sourceTree = "<group>"; };
		ADFFD36618423E7C00D1712E /* UIImage+Placeholder.m */ = {isa = PBXFileReference; fileEncoding = 4; lastKnownFileType = sourcecode.c.objc; path = "UIImage+Placeholder.m"; sourceTree = "<group>"; };
/* End PBXFileReference section */

/* Begin PBXFrameworksBuildPhase section */
		ADED86EB18423C3200CF7EAC /* Frameworks */ = {
			isa = PBXFrameworksBuildPhase;
			buildActionMask = 2147483647;
			files = (
				ADED86F418423C3200CF7EAC /* CoreGraphics.framework in Frameworks */,
				ADED86F618423C3200CF7EAC /* UIKit.framework in Frameworks */,
				ADED86F218423C3200CF7EAC /* Foundation.framework in Frameworks */,
			);
			runOnlyForDeploymentPostprocessing = 0;
		};
		ADED870C18423C3200CF7EAC /* Frameworks */ = {
			isa = PBXFrameworksBuildPhase;
			buildActionMask = 2147483647;
			files = (
				ADED871118423C3200CF7EAC /* XCTest.framework in Frameworks */,
				ADED871318423C3200CF7EAC /* UIKit.framework in Frameworks */,
				ADED871218423C3200CF7EAC /* Foundation.framework in Frameworks */,
			);
			runOnlyForDeploymentPostprocessing = 0;
		};
/* End PBXFrameworksBuildPhase section */

/* Begin PBXGroup section */
		AD066F8D1842ED6A000CDD54 /* UIImageView+URLDownload */ = {
			isa = PBXGroup;
			children = (
				AD066F8E1842EDA5000CDD54 /* UIImageView+URLDownload.h */,
				AD066F8F1842EDA5000CDD54 /* UIImageView+URLDownload.m */,
			);
			name = "UIImageView+URLDownload";
			sourceTree = "<group>";
		};
		AD066F97184356C6000CDD54 /* CLCacheManager */ = {
			isa = PBXGroup;
			children = (
				AD066F98184356E8000CDD54 /* CLCacheManager.h */,
				AD066F99184356E8000CDD54 /* CLCacheManager.m */,
			);
			name = CLCacheManager;
			sourceTree = "<group>";
		};
		AD066F9F184375A1000CDD54 /* CLImageView */ = {
			isa = PBXGroup;
			children = (
				AD066FA0184375BD000CDD54 /* CLImageView.h */,
				AD066FA1184375BD000CDD54 /* CLImageView.m */,
			);
			name = CLImageView;
			sourceTree = "<group>";
		};
		ADBB8DFF18556ADF00B9522F /* UIView+Frame */ = {
			isa = PBXGroup;
			children = (
				ADBB8E0018556ADF00B9522F /* UIView+Frame.h */,
				ADBB8E0118556ADF00B9522F /* UIView+Frame.m */,
			);
			path = "UIView+Frame";
			sourceTree = "<group>";
		};
		ADBB8E0318556AE700B9522F /* UIImage+Utility */ = {
			isa = PBXGroup;
			children = (
				ADBB8E0418556AE700B9522F /* UIImage+Utility.h */,
				ADBB8E0518556AE700B9522F /* UIImage+Utility.m */,
			);
			path = "UIImage+Utility";
			sourceTree = "<group>";
		};
		ADED86E518423C3200CF7EAC = {
			isa = PBXGroup;
			children = (
				ADFFD35A18423E7C00D1712E /* Classes */,
				ADED86F718423C3200CF7EAC /* CLImageViewerDemo */,
				ADED871618423C3200CF7EAC /* CLImageViewerDemoTests */,
				ADED86F018423C3200CF7EAC /* Frameworks */,
				ADED86EF18423C3200CF7EAC /* Products */,
			);
			sourceTree = "<group>";
		};
		ADED86EF18423C3200CF7EAC /* Products */ = {
			isa = PBXGroup;
			children = (
				ADED86EE18423C3200CF7EAC /* CLImageViewerDemo.app */,
				ADED870F18423C3200CF7EAC /* CLImageViewerDemoTests.xctest */,
			);
			name = Products;
			sourceTree = "<group>";
		};
		ADED86F018423C3200CF7EAC /* Frameworks */ = {
			isa = PBXGroup;
			children = (
				ADED86F118423C3200CF7EAC /* Foundation.framework */,
				ADED86F318423C3200CF7EAC /* CoreGraphics.framework */,
				ADED86F518423C3200CF7EAC /* UIKit.framework */,
				ADED871018423C3200CF7EAC /* XCTest.framework */,
			);
			name = Frameworks;
			sourceTree = "<group>";
		};
		ADED86F718423C3200CF7EAC /* CLImageViewerDemo */ = {
			isa = PBXGroup;
			children = (
				ADED870018423C3200CF7EAC /* AppDelegate.h */,
				ADED870118423C3200CF7EAC /* AppDelegate.m */,
				ADED870318423C3200CF7EAC /* Main.storyboard */,
				ADED870618423C3200CF7EAC /* ViewController.h */,
				ADED870718423C3200CF7EAC /* ViewController.m */,
				ADED870918423C3200CF7EAC /* Images.xcassets */,
				ADED86F818423C3200CF7EAC /* Supporting Files */,
			);
			path = CLImageViewerDemo;
			sourceTree = "<group>";
		};
		ADED86F818423C3200CF7EAC /* Supporting Files */ = {
			isa = PBXGroup;
			children = (
				ADED86F918423C3200CF7EAC /* CLImageViewerDemo-Info.plist */,
				ADED86FA18423C3200CF7EAC /* InfoPlist.strings */,
				ADED86FD18423C3200CF7EAC /* main.m */,
				ADED86FF18423C3200CF7EAC /* CLImageViewerDemo-Prefix.pch */,
			);
			name = "Supporting Files";
			sourceTree = "<group>";
		};
		ADED871618423C3200CF7EAC /* CLImageViewerDemoTests */ = {
			isa = PBXGroup;
			children = (
				ADED871C18423C3200CF7EAC /* CLImageViewerDemoTests.m */,
				ADED871718423C3200CF7EAC /* Supporting Files */,
			);
			path = CLImageViewerDemoTests;
			sourceTree = "<group>";
		};
		ADED871718423C3200CF7EAC /* Supporting Files */ = {
			isa = PBXGroup;
			children = (
				ADED871818423C3200CF7EAC /* CLImageViewerDemoTests-Info.plist */,
				ADED871918423C3200CF7EAC /* InfoPlist.strings */,
			);
			name = "Supporting Files";
			sourceTree = "<group>";
		};
		ADFFD35A18423E7C00D1712E /* Classes */ = {
			isa = PBXGroup;
			children = (
				ADBB8E0318556AE700B9522F /* UIImage+Utility */,
				ADBB8DFF18556ADF00B9522F /* UIView+Frame */,
				AD066F97184356C6000CDD54 /* CLCacheManager */,
				ADFFD35B18423E7C00D1712E /* CLFullscreenImageViewer */,
				ADFFD35E18423E7C00D1712E /* CLImagePagingView */,
				AD066F9F184375A1000CDD54 /* CLImageView */,
				ADFFD36118423E7C00D1712E /* CLZoomingImageView */,
				ADFFD36418423E7C00D1712E /* UIImage+Placeholder */,
				AD066F8D1842ED6A000CDD54 /* UIImageView+URLDownload */,
			);
			name = Classes;
			path = ../../Classes;
			sourceTree = "<group>";
		};
		ADFFD35B18423E7C00D1712E /* CLFullscreenImageViewer */ = {
			isa = PBXGroup;
			children = (
				ADFFD35C18423E7C00D1712E /* CLFullscreenImageViewer.h */,
				ADFFD35D18423E7C00D1712E /* CLFullscreenImageViewer.m */,
			);
			path = CLFullscreenImageViewer;
			sourceTree = "<group>";
		};
		ADFFD35E18423E7C00D1712E /* CLImagePagingView */ = {
			isa = PBXGroup;
			children = (
				ADFFD35F18423E7C00D1712E /* CLImagePagingView.h */,
				ADFFD36018423E7C00D1712E /* CLImagePagingView.m */,
			);
			path = CLImagePagingView;
			sourceTree = "<group>";
		};
		ADFFD36118423E7C00D1712E /* CLZoomingImageView */ = {
			isa = PBXGroup;
			children = (
				ADFFD36218423E7C00D1712E /* CLZoomingImageView.h */,
				ADFFD36318423E7C00D1712E /* CLZoomingImageView.m */,
			);
			path = CLZoomingImageView;
			sourceTree = "<group>";
		};
		ADFFD36418423E7C00D1712E /* UIImage+Placeholder */ = {
			isa = PBXGroup;
			children = (
				ADFFD36518423E7C00D1712E /* UIImage+Placeholder.h */,
				ADFFD36618423E7C00D1712E /* UIImage+Placeholder.m */,
			);
			path = "UIImage+Placeholder";
			sourceTree = "<group>";
		};
/* End PBXGroup section */

/* Begin PBXNativeTarget section */
		ADED86ED18423C3200CF7EAC /* CLImageViewerDemo */ = {
			isa = PBXNativeTarget;
			buildConfigurationList = ADED872018423C3200CF7EAC /* Build configuration list for PBXNativeTarget "CLImageViewerDemo" */;
			buildPhases = (
				ADED86EA18423C3200CF7EAC /* Sources */,
				ADED86EB18423C3200CF7EAC /* Frameworks */,
				ADED86EC18423C3200CF7EAC /* Resources */,
			);
			buildRules = (
			);
			dependencies = (
			);
			name = CLImageViewerDemo;
			productName = CLImageViewerDemo;
			productReference = ADED86EE18423C3200CF7EAC /* CLImageViewerDemo.app */;
			productType = "com.apple.product-type.application";
		};
		ADED870E18423C3200CF7EAC /* CLImageViewerDemoTests */ = {
			isa = PBXNativeTarget;
			buildConfigurationList = ADED872318423C3200CF7EAC /* Build configuration list for PBXNativeTarget "CLImageViewerDemoTests" */;
			buildPhases = (
				ADED870B18423C3200CF7EAC /* Sources */,
				ADED870C18423C3200CF7EAC /* Frameworks */,
				ADED870D18423C3200CF7EAC /* Resources */,
			);
			buildRules = (
			);
			dependencies = (
				ADED871518423C3200CF7EAC /* PBXTargetDependency */,
			);
			name = CLImageViewerDemoTests;
			productName = CLImageViewerDemoTests;
			productReference = ADED870F18423C3200CF7EAC /* CLImageViewerDemoTests.xctest */;
			productType = "com.apple.product-type.bundle.unit-test";
		};
/* End PBXNativeTarget section */

/* Begin PBXProject section */
		ADED86E618423C3200CF7EAC /* Project object */ = {
			isa = PBXProject;
			attributes = {
				LastUpgradeCheck = 0500;
				ORGANIZATIONNAME = CALACULU;
				TargetAttributes = {
					ADED870E18423C3200CF7EAC = {
						TestTargetID = ADED86ED18423C3200CF7EAC;
					};
				};
			};
			buildConfigurationList = ADED86E918423C3200CF7EAC /* Build configuration list for PBXProject "CLImageViewerDemo" */;
			compatibilityVersion = "Xcode 3.2";
			developmentRegion = English;
			hasScannedForEncodings = 0;
			knownRegions = (
				en,
				Base,
			);
			mainGroup = ADED86E518423C3200CF7EAC;
			productRefGroup = ADED86EF18423C3200CF7EAC /* Products */;
			projectDirPath = "";
			projectRoot = "";
			targets = (
				ADED86ED18423C3200CF7EAC /* CLImageViewerDemo */,
				ADED870E18423C3200CF7EAC /* CLImageViewerDemoTests */,
			);
		};
/* End PBXProject section */

/* Begin PBXResourcesBuildPhase section */
		ADED86EC18423C3200CF7EAC /* Resources */ = {
			isa = PBXResourcesBuildPhase;
			buildActionMask = 2147483647;
			files = (
				ADED870A18423C3200CF7EAC /* Images.xcassets in Resources */,
				ADED86FC18423C3200CF7EAC /* InfoPlist.strings in Resources */,
				ADED870518423C3200CF7EAC /* Main.storyboard in Resources */,
			);
			runOnlyForDeploymentPostprocessing = 0;
		};
		ADED870D18423C3200CF7EAC /* Resources */ = {
			isa = PBXResourcesBuildPhase;
			buildActionMask = 2147483647;
			files = (
				ADED871B18423C3200CF7EAC /* InfoPlist.strings in Resources */,
			);
			runOnlyForDeploymentPostprocessing = 0;
		};
/* End PBXResourcesBuildPhase section */

/* Begin PBXSourcesBuildPhase section */
		ADED86EA18423C3200CF7EAC /* Sources */ = {
			isa = PBXSourcesBuildPhase;
			buildActionMask = 2147483647;
			files = (
				ADED870818423C3200CF7EAC /* ViewController.m in Sources */,
				ADED870218423C3200CF7EAC /* AppDelegate.m in Sources */,
				ADED86FE18423C3200CF7EAC /* main.m in Sources */,
				AD066F9A184356E8000CDD54 /* CLCacheManager.m in Sources */,
				ADBB8E0618556AE700B9522F /* UIImage+Utility.m in Sources */,
				ADFFD36718423E7C00D1712E /* CLFullscreenImageViewer.m in Sources */,
				AD066FA2184375BD000CDD54 /* CLImageView.m in Sources */,
				ADFFD36818423E7C00D1712E /* CLImagePagingView.m in Sources */,
				ADFFD36A18423E7C00D1712E /* UIImage+Placeholder.m in Sources */,
				AD066F901842EDA5000CDD54 /* UIImageView+URLDownload.m in Sources */,
				ADFFD36918423E7C00D1712E /* CLZoomingImageView.m in Sources */,
				ADBB8E0218556ADF00B9522F /* UIView+Frame.m in Sources */,
			);
			runOnlyForDeploymentPostprocessing = 0;
		};
		ADED870B18423C3200CF7EAC /* Sources */ = {
			isa = PBXSourcesBuildPhase;
			buildActionMask = 2147483647;
			files = (
				ADED871D18423C3200CF7EAC /* CLImageViewerDemoTests.m in Sources */,
			);
			runOnlyForDeploymentPostprocessing = 0;
		};
/* End PBXSourcesBuildPhase section */

/* Begin PBXTargetDependency section */
		ADED871518423C3200CF7EAC /* PBXTargetDependency */ = {
			isa = PBXTargetDependency;
			target = ADED86ED18423C3200CF7EAC /* CLImageViewerDemo */;
			targetProxy = ADED871418423C3200CF7EAC /* PBXContainerItemProxy */;
		};
/* End PBXTargetDependency section */

/* Begin PBXVariantGroup section */
		ADED86FA18423C3200CF7EAC /* InfoPlist.strings */ = {
			isa = PBXVariantGroup;
			children = (
				ADED86FB18423C3200CF7EAC /* en */,
			);
			name = InfoPlist.strings;
			sourceTree = "<group>";
		};
		ADED870318423C3200CF7EAC /* Main.storyboard */ = {
			isa = PBXVariantGroup;
			children = (
				ADED870418423C3200CF7EAC /* Base */,
			);
			name = Main.storyboard;
			sourceTree = "<group>";
		};
		ADED871918423C3200CF7EAC /* InfoPlist.strings */ = {
			isa = PBXVariantGroup;
			children = (
				ADED871A18423C3200CF7EAC /* en */,
			);
			name = InfoPlist.strings;
			sourceTree = "<group>";
		};
/* End PBXVariantGroup section */

/* Begin XCBuildConfiguration section */
		ADED871E18423C3200CF7EAC /* Debug */ = {
			isa = XCBuildConfiguration;
			buildSettings = {
				ALWAYS_SEARCH_USER_PATHS = NO;
				ARCHS = "$(ARCHS_STANDARD_INCLUDING_64_BIT)";
				CLANG_CXX_LANGUAGE_STANDARD = "gnu++0x";
				CLANG_CXX_LIBRARY = "libc++";
				CLANG_ENABLE_MODULES = YES;
				CLANG_ENABLE_OBJC_ARC = YES;
				CLANG_WARN_BOOL_CONVERSION = YES;
				CLANG_WARN_CONSTANT_CONVERSION = YES;
				CLANG_WARN_DIRECT_OBJC_ISA_USAGE = YES_ERROR;
				CLANG_WARN_EMPTY_BODY = YES;
				CLANG_WARN_ENUM_CONVERSION = YES;
				CLANG_WARN_INT_CONVERSION = YES;
				CLANG_WARN_OBJC_ROOT_CLASS = YES_ERROR;
				CLANG_WARN__DUPLICATE_METHOD_MATCH = YES;
				"CODE_SIGN_IDENTITY[sdk=iphoneos*]" = "iPhone Developer";
				COPY_PHASE_STRIP = NO;
				GCC_C_LANGUAGE_STANDARD = gnu99;
				GCC_DYNAMIC_NO_PIC = NO;
				GCC_OPTIMIZATION_LEVEL = 0;
				GCC_PREPROCESSOR_DEFINITIONS = (
					"DEBUG=1",
					"$(inherited)",
				);
				GCC_SYMBOLS_PRIVATE_EXTERN = NO;
				GCC_WARN_64_TO_32_BIT_CONVERSION = YES;
				GCC_WARN_ABOUT_RETURN_TYPE = YES_ERROR;
				GCC_WARN_UNDECLARED_SELECTOR = YES;
				GCC_WARN_UNINITIALIZED_AUTOS = YES;
				GCC_WARN_UNUSED_FUNCTION = YES;
				GCC_WARN_UNUSED_VARIABLE = YES;
				IPHONEOS_DEPLOYMENT_TARGET = 7.0;
				ONLY_ACTIVE_ARCH = YES;
				SDKROOT = iphoneos;
			};
			name = Debug;
		};
		ADED871F18423C3200CF7EAC /* Release */ = {
			isa = XCBuildConfiguration;
			buildSettings = {
				ALWAYS_SEARCH_USER_PATHS = NO;
				ARCHS = "$(ARCHS_STANDARD_INCLUDING_64_BIT)";
				CLANG_CXX_LANGUAGE_STANDARD = "gnu++0x";
				CLANG_CXX_LIBRARY = "libc++";
				CLANG_ENABLE_MODULES = YES;
				CLANG_ENABLE_OBJC_ARC = YES;
				CLANG_WARN_BOOL_CONVERSION = YES;
				CLANG_WARN_CONSTANT_CONVERSION = YES;
				CLANG_WARN_DIRECT_OBJC_ISA_USAGE = YES_ERROR;
				CLANG_WARN_EMPTY_BODY = YES;
				CLANG_WARN_ENUM_CONVERSION = YES;
				CLANG_WARN_INT_CONVERSION = YES;
				CLANG_WARN_OBJC_ROOT_CLASS = YES_ERROR;
				CLANG_WARN__DUPLICATE_METHOD_MATCH = YES;
				"CODE_SIGN_IDENTITY[sdk=iphoneos*]" = "iPhone Developer";
				COPY_PHASE_STRIP = YES;
				ENABLE_NS_ASSERTIONS = NO;
				GCC_C_LANGUAGE_STANDARD = gnu99;
				GCC_WARN_64_TO_32_BIT_CONVERSION = YES;
				GCC_WARN_ABOUT_RETURN_TYPE = YES_ERROR;
				GCC_WARN_UNDECLARED_SELECTOR = YES;
				GCC_WARN_UNINITIALIZED_AUTOS = YES;
				GCC_WARN_UNUSED_FUNCTION = YES;
				GCC_WARN_UNUSED_VARIABLE = YES;
				IPHONEOS_DEPLOYMENT_TARGET = 7.0;
				SDKROOT = iphoneos;
				VALIDATE_PRODUCT = YES;
			};
			name = Release;
		};
		ADED872118423C3200CF7EAC /* Debug */ = {
			isa = XCBuildConfiguration;
			buildSettings = {
				ASSETCATALOG_COMPILER_APPICON_NAME = AppIcon;
				ASSETCATALOG_COMPILER_LAUNCHIMAGE_NAME = LaunchImage;
				GCC_PRECOMPILE_PREFIX_HEADER = YES;
				GCC_PREFIX_HEADER = "CLImageViewerDemo/CLImageViewerDemo-Prefix.pch";
				HEADER_SEARCH_PATHS = (
					"$(inherited)",
					/Applications/Xcode.app/Contents/Developer/Toolchains/XcodeDefault.xctoolchain/usr/include,
					"../../Classes/**",
				);
				INFOPLIST_FILE = "CLImageViewerDemo/CLImageViewerDemo-Info.plist";
				PRODUCT_NAME = "$(TARGET_NAME)";
				WRAPPER_EXTENSION = app;
			};
			name = Debug;
		};
		ADED872218423C3200CF7EAC /* Release */ = {
			isa = XCBuildConfiguration;
			buildSettings = {
				ASSETCATALOG_COMPILER_APPICON_NAME = AppIcon;
				ASSETCATALOG_COMPILER_LAUNCHIMAGE_NAME = LaunchImage;
				GCC_PRECOMPILE_PREFIX_HEADER = YES;
				GCC_PREFIX_HEADER = "CLImageViewerDemo/CLImageViewerDemo-Prefix.pch";
				HEADER_SEARCH_PATHS = (
					"$(inherited)",
					/Applications/Xcode.app/Contents/Developer/Toolchains/XcodeDefault.xctoolchain/usr/include,
					"../../Classes/**",
				);
				INFOPLIST_FILE = "CLImageViewerDemo/CLImageViewerDemo-Info.plist";
				PRODUCT_NAME = "$(TARGET_NAME)";
				WRAPPER_EXTENSION = app;
			};
			name = Release;
		};
		ADED872418423C3200CF7EAC /* Debug */ = {
			isa = XCBuildConfiguration;
			buildSettings = {
				ARCHS = "$(ARCHS_STANDARD_INCLUDING_64_BIT)";
				BUNDLE_LOADER = "$(BUILT_PRODUCTS_DIR)/CLImageViewerDemo.app/CLImageViewerDemo";
				FRAMEWORK_SEARCH_PATHS = (
					"$(SDKROOT)/Developer/Library/Frameworks",
					"$(inherited)",
					"$(DEVELOPER_FRAMEWORKS_DIR)",
				);
				GCC_PRECOMPILE_PREFIX_HEADER = YES;
				GCC_PREFIX_HEADER = "CLImageViewerDemo/CLImageViewerDemo-Prefix.pch";
				GCC_PREPROCESSOR_DEFINITIONS = (
					"DEBUG=1",
					"$(inherited)",
				);
				INFOPLIST_FILE = "CLImageViewerDemoTests/CLImageViewerDemoTests-Info.plist";
				PRODUCT_NAME = "$(TARGET_NAME)";
				TEST_HOST = "$(BUNDLE_LOADER)";
				WRAPPER_EXTENSION = xctest;
			};
			name = Debug;
		};
		ADED872518423C3200CF7EAC /* Release */ = {
			isa = XCBuildConfiguration;
			buildSettings = {
				ARCHS = "$(ARCHS_STANDARD_INCLUDING_64_BIT)";
				BUNDLE_LOADER = "$(BUILT_PRODUCTS_DIR)/CLImageViewerDemo.app/CLImageViewerDemo";
				FRAMEWORK_SEARCH_PATHS = (
					"$(SDKROOT)/Developer/Library/Frameworks",
					"$(inherited)",
					"$(DEVELOPER_FRAMEWORKS_DIR)",
				);
				GCC_PRECOMPILE_PREFIX_HEADER = YES;
				GCC_PREFIX_HEADER = "CLImageViewerDemo/CLImageViewerDemo-Prefix.pch";
				INFOPLIST_FILE = "CLImageViewerDemoTests/CLImageViewerDemoTests-Info.plist";
				PRODUCT_NAME = "$(TARGET_NAME)";
				TEST_HOST = "$(BUNDLE_LOADER)";
				WRAPPER_EXTENSION = xctest;
			};
			name = Release;
		};
/* End XCBuildConfiguration section */

/* Begin XCConfigurationList section */
		ADED86E918423C3200CF7EAC /* Build configuration list for PBXProject "CLImageViewerDemo" */ = {
			isa = XCConfigurationList;
			buildConfigurations = (
				ADED871E18423C3200CF7EAC /* Debug */,
				ADED871F18423C3200CF7EAC /* Release */,
			);
			defaultConfigurationIsVisible = 0;
			defaultConfigurationName = Release;
		};
		ADED872018423C3200CF7EAC /* Build configuration list for PBXNativeTarget "CLImageViewerDemo" */ = {
			isa = XCConfigurationList;
			buildConfigurations = (
				ADED872118423C3200CF7EAC /* Debug */,
				ADED872218423C3200CF7EAC /* Release */,
			);
			defaultConfigurationIsVisible = 0;
			defaultConfigurationName = Release;
		};
		ADED872318423C3200CF7EAC /* Build configuration list for PBXNativeTarget "CLImageViewerDemoTests" */ = {
			isa = XCConfigurationList;
			buildConfigurations = (
				ADED872418423C3200CF7EAC /* Debug */,
				ADED872518423C3200CF7EAC /* Release */,
			);
			defaultConfigurationIsVisible = 0;
			defaultConfigurationName = Release;
		};
/* End XCConfigurationList section */
	};
	rootObject = ADED86E618423C3200CF7EAC /* Project object */;
}
