// !$*UTF8*$!
{
	archiveVersion = 1;
	classes = {
	};
	objectVersion = 46;
	objects = {

/* Begin PBXBuildFile section */
		0B4B399AF25E4151A6FD6684 /* libPods.a in Frameworks */ = {isa = PBXBuildFile; fileRef = BB94EE4D9728440AB6E92DC8 /* libPods.a */; };
		AD31AB56188D67610083616C /* Foundation.framework in Frameworks */ = {isa = PBXBuildFile; fileRef = AD31AB55188D67610083616C /* Foundation.framework */; };
		AD31AB58188D67610083616C /* CoreGraphics.framework in Frameworks */ = {isa = PBXBuildFile; fileRef = AD31AB57188D67610083616C /* CoreGraphics.framework */; };
		AD31AB5A188D67610083616C /* UIKit.framework in Frameworks */ = {isa = PBXBuildFile; fileRef = AD31AB59188D67610083616C /* UIKit.framework */; };
		AD31AB60188D67610083616C /* InfoPlist.strings in Resources */ = {isa = PBXBuildFile; fileRef = AD31AB5E188D67610083616C /* InfoPlist.strings */; };
		AD31AB62188D67610083616C /* main.m in Sources */ = {isa = PBXBuildFile; fileRef = AD31AB61188D67610083616C /* main.m */; };
		AD31AB66188D67610083616C /* AppDelegate.m in Sources */ = {isa = PBXBuildFile; fileRef = AD31AB65188D67610083616C /* AppDelegate.m */; };
		AD31AB69188D67610083616C /* Main.storyboard in Resources */ = {isa = PBXBuildFile; fileRef = AD31AB67188D67610083616C /* Main.storyboard */; };
		AD31AB6C188D67610083616C /* ViewController.m in Sources */ = {isa = PBXBuildFile; fileRef = AD31AB6B188D67610083616C /* ViewController.m */; };
		AD31AB6E188D67610083616C /* Images.xcassets in Resources */ = {isa = PBXBuildFile; fileRef = AD31AB6D188D67610083616C /* Images.xcassets */; };
		AD31AB75188D67610083616C /* XCTest.framework in Frameworks */ = {isa = PBXBuildFile; fileRef = AD31AB74188D67610083616C /* XCTest.framework */; };
		AD31AB76188D67610083616C /* Foundation.framework in Frameworks */ = {isa = PBXBuildFile; fileRef = AD31AB55188D67610083616C /* Foundation.framework */; };
		AD31AB77188D67610083616C /* UIKit.framework in Frameworks */ = {isa = PBXBuildFile; fileRef = AD31AB59188D67610083616C /* UIKit.framework */; };
		AD31AB7F188D67610083616C /* InfoPlist.strings in Resources */ = {isa = PBXBuildFile; fileRef = AD31AB7D188D67610083616C /* InfoPlist.strings */; };
		AD31AB81188D67610083616C /* CLImagePickerDemoTests.m in Sources */ = {isa = PBXBuildFile; fileRef = AD31AB80188D67610083616C /* CLImagePickerDemoTests.m */; };
		AD3428A8189B52A8009A9511 /* default.jpg in Resources */ = {isa = PBXBuildFile; fileRef = AD3428A7189B52A8009A9511 /* default.jpg */; };
/* End PBXBuildFile section */

/* Begin PBXContainerItemProxy section */
		AD31AB78188D67610083616C /* PBXContainerItemProxy */ = {
			isa = PBXContainerItemProxy;
			containerPortal = AD31AB4A188D67610083616C /* Project object */;
			proxyType = 1;
			remoteGlobalIDString = AD31AB51188D67610083616C;
			remoteInfo = CLImagePickerDemo;
		};
/* End PBXContainerItemProxy section */

/* Begin PBXFileReference section */
		64DFC31A6C274D87A73A9602 /* Pods.xcconfig */ = {isa = PBXFileReference; includeInIndex = 1; lastKnownFileType = text.xcconfig; name = Pods.xcconfig; path = Pods/Pods.xcconfig; sourceTree = "<group>"; };
		AD31AB52188D67610083616C /* CLImagePickerDemo.app */ = {isa = PBXFileReference; explicitFileType = wrapper.application; includeInIndex = 0; path = CLImagePickerDemo.app; sourceTree = BUILT_PRODUCTS_DIR; };
		AD31AB55188D67610083616C /* Foundation.framework */ = {isa = PBXFileReference; lastKnownFileType = wrapper.framework; name = Foundation.framework; path = System/Library/Frameworks/Foundation.framework; sourceTree = SDKROOT; };
		AD31AB57188D67610083616C /* CoreGraphics.framework */ = {isa = PBXFileReference; lastKnownFileType = wrapper.framework; name = CoreGraphics.framework; path = System/Library/Frameworks/CoreGraphics.framework; sourceTree = SDKROOT; };
		AD31AB59188D67610083616C /* UIKit.framework */ = {isa = PBXFileReference; lastKnownFileType = wrapper.framework; name = UIKit.framework; path = System/Library/Frameworks/UIKit.framework; sourceTree = SDKROOT; };
		AD31AB5D188D67610083616C /* CLImagePickerDemo-Info.plist */ = {isa = PBXFileReference; lastKnownFileType = text.plist.xml; path = "CLImagePickerDemo-Info.plist"; sourceTree = "<group>"; };
		AD31AB5F188D67610083616C /* en */ = {isa = PBXFileReference; lastKnownFileType = text.plist.strings; name = en; path = en.lproj/InfoPlist.strings; sourceTree = "<group>"; };
		AD31AB61188D67610083616C /* main.m */ = {isa = PBXFileReference; lastKnownFileType = sourcecode.c.objc; path = main.m; sourceTree = "<group>"; };
		AD31AB63188D67610083616C /* CLImagePickerDemo-Prefix.pch */ = {isa = PBXFileReference; lastKnownFileType = sourcecode.c.h; path = "CLImagePickerDemo-Prefix.pch"; sourceTree = "<group>"; };
		AD31AB64188D67610083616C /* AppDelegate.h */ = {isa = PBXFileReference; lastKnownFileType = sourcecode.c.h; path = AppDelegate.h; sourceTree = "<group>"; };
		AD31AB65188D67610083616C /* AppDelegate.m */ = {isa = PBXFileReference; lastKnownFileType = sourcecode.c.objc; path = AppDelegate.m; sourceTree = "<group>"; };
		AD31AB68188D67610083616C /* Base */ = {isa = PBXFileReference; lastKnownFileType = file.storyboard; name = Base; path = Base.lproj/Main.storyboard; sourceTree = "<group>"; };
		AD31AB6A188D67610083616C /* ViewController.h */ = {isa = PBXFileReference; lastKnownFileType = sourcecode.c.h; path = ViewController.h; sourceTree = "<group>"; };
		AD31AB6B188D67610083616C /* ViewController.m */ = {isa = PBXFileReference; lastKnownFileType = sourcecode.c.objc; path = ViewController.m; sourceTree = "<group>"; };
		AD31AB6D188D67610083616C /* Images.xcassets */ = {isa = PBXFileReference; lastKnownFileType = folder.assetcatalog; path = Images.xcassets; sourceTree = "<group>"; };
		AD31AB73188D67610083616C /* CLImagePickerDemoTests.xctest */ = {isa = PBXFileReference; explicitFileType = wrapper.cfbundle; includeInIndex = 0; path = CLImagePickerDemoTests.xctest; sourceTree = BUILT_PRODUCTS_DIR; };
		AD31AB74188D67610083616C /* XCTest.framework */ = {isa = PBXFileReference; lastKnownFileType = wrapper.framework; name = XCTest.framework; path = Library/Frameworks/XCTest.framework; sourceTree = DEVELOPER_DIR; };
		AD31AB7C188D67610083616C /* CLImagePickerDemoTests-Info.plist */ = {isa = PBXFileReference; lastKnownFileType = text.plist.xml; path = "CLImagePickerDemoTests-Info.plist"; sourceTree = "<group>"; };
		AD31AB7E188D67610083616C /* en */ = {isa = PBXFileReference; lastKnownFileType = text.plist.strings; name = en; path = en.lproj/InfoPlist.strings; sourceTree = "<group>"; };
		AD31AB80188D67610083616C /* CLImagePickerDemoTests.m */ = {isa = PBXFileReference; lastKnownFileType = sourcecode.c.objc; path = CLImagePickerDemoTests.m; sourceTree = "<group>"; };
		AD3428A7189B52A8009A9511 /* default.jpg */ = {isa = PBXFileReference; lastKnownFileType = image.jpeg; path = default.jpg; sourceTree = "<group>"; };
		BB94EE4D9728440AB6E92DC8 /* libPods.a */ = {isa = PBXFileReference; explicitFileType = archive.ar; includeInIndex = 0; path = libPods.a; sourceTree = BUILT_PRODUCTS_DIR; };
/* End PBXFileReference section */

/* Begin PBXFrameworksBuildPhase section */
		AD31AB4F188D67610083616C /* Frameworks */ = {
			isa = PBXFrameworksBuildPhase;
			buildActionMask = 2147483647;
			files = (
				AD31AB58188D67610083616C /* CoreGraphics.framework in Frameworks */,
				AD31AB5A188D67610083616C /* UIKit.framework in Frameworks */,
				AD31AB56188D67610083616C /* Foundation.framework in Frameworks */,
				0B4B399AF25E4151A6FD6684 /* libPods.a in Frameworks */,
			);
			runOnlyForDeploymentPostprocessing = 0;
		};
		AD31AB70188D67610083616C /* Frameworks */ = {
			isa = PBXFrameworksBuildPhase;
			buildActionMask = 2147483647;
			files = (
				AD31AB75188D67610083616C /* XCTest.framework in Frameworks */,
				AD31AB77188D67610083616C /* UIKit.framework in Frameworks */,
				AD31AB76188D67610083616C /* Foundation.framework in Frameworks */,
			);
			runOnlyForDeploymentPostprocessing = 0;
		};
/* End PBXFrameworksBuildPhase section */

/* Begin PBXGroup section */
		AD31AB49188D67610083616C = {
			isa = PBXGroup;
			children = (
				AD31AB5B188D67610083616C /* CLImagePickerDemo */,
				AD31AB7A188D67610083616C /* CLImagePickerDemoTests */,
				AD31AB54188D67610083616C /* Frameworks */,
				AD31AB53188D67610083616C /* Products */,
				64DFC31A6C274D87A73A9602 /* Pods.xcconfig */,
			);
			sourceTree = "<group>";
		};
		AD31AB53188D67610083616C /* Products */ = {
			isa = PBXGroup;
			children = (
				AD31AB52188D67610083616C /* CLImagePickerDemo.app */,
				AD31AB73188D67610083616C /* CLImagePickerDemoTests.xctest */,
			);
			name = Products;
			sourceTree = "<group>";
		};
		AD31AB54188D67610083616C /* Frameworks */ = {
			isa = PBXGroup;
			children = (
				AD31AB55188D67610083616C /* Foundation.framework */,
				AD31AB57188D67610083616C /* CoreGraphics.framework */,
				AD31AB59188D67610083616C /* UIKit.framework */,
				AD31AB74188D67610083616C /* XCTest.framework */,
				BB94EE4D9728440AB6E92DC8 /* libPods.a */,
			);
			name = Frameworks;
			sourceTree = "<group>";
		};
		AD31AB5B188D67610083616C /* CLImagePickerDemo */ = {
			isa = PBXGroup;
			children = (
				AD31AB64188D67610083616C /* AppDelegate.h */,
				AD31AB65188D67610083616C /* AppDelegate.m */,
				AD31AB67188D67610083616C /* Main.storyboard */,
				AD31AB6A188D67610083616C /* ViewController.h */,
				AD31AB6B188D67610083616C /* ViewController.m */,
				AD31AB6D188D67610083616C /* Images.xcassets */,
				AD3428A7189B52A8009A9511 /* default.jpg */,
				AD31AB5C188D67610083616C /* Supporting Files */,
			);
			path = CLImagePickerDemo;
			sourceTree = "<group>";
		};
		AD31AB5C188D67610083616C /* Supporting Files */ = {
			isa = PBXGroup;
			children = (
				AD31AB5D188D67610083616C /* CLImagePickerDemo-Info.plist */,
				AD31AB5E188D67610083616C /* InfoPlist.strings */,
				AD31AB61188D67610083616C /* main.m */,
				AD31AB63188D67610083616C /* CLImagePickerDemo-Prefix.pch */,
			);
			name = "Supporting Files";
			sourceTree = "<group>";
		};
		AD31AB7A188D67610083616C /* CLImagePickerDemoTests */ = {
			isa = PBXGroup;
			children = (
				AD31AB80188D67610083616C /* CLImagePickerDemoTests.m */,
				AD31AB7B188D67610083616C /* Supporting Files */,
			);
			path = CLImagePickerDemoTests;
			sourceTree = "<group>";
		};
		AD31AB7B188D67610083616C /* Supporting Files */ = {
			isa = PBXGroup;
			children = (
				AD31AB7C188D67610083616C /* CLImagePickerDemoTests-Info.plist */,
				AD31AB7D188D67610083616C /* InfoPlist.strings */,
			);
			name = "Supporting Files";
			sourceTree = "<group>";
		};
/* End PBXGroup section */

/* Begin PBXNativeTarget section */
		AD31AB51188D67610083616C /* CLImagePickerDemo */ = {
			isa = PBXNativeTarget;
			buildConfigurationList = AD31AB84188D67610083616C /* Build configuration list for PBXNativeTarget "CLImagePickerDemo" */;
			buildPhases = (
				0E4014D9FCC94415B78E5662 /* Check Pods Manifest.lock */,
				AD31AB4E188D67610083616C /* Sources */,
				AD31AB4F188D67610083616C /* Frameworks */,
				AD31AB50188D67610083616C /* Resources */,
				07C0AB32DB884A5999CE028B /* Copy Pods Resources */,
			);
			buildRules = (
			);
			dependencies = (
			);
			name = CLImagePickerDemo;
			productName = CLImagePickerDemo;
			productReference = AD31AB52188D67610083616C /* CLImagePickerDemo.app */;
			productType = "com.apple.product-type.application";
		};
		AD31AB72188D67610083616C /* CLImagePickerDemoTests */ = {
			isa = PBXNativeTarget;
			buildConfigurationList = AD31AB87188D67610083616C /* Build configuration list for PBXNativeTarget "CLImagePickerDemoTests" */;
			buildPhases = (
				AD31AB6F188D67610083616C /* Sources */,
				AD31AB70188D67610083616C /* Frameworks */,
				AD31AB71188D67610083616C /* Resources */,
			);
			buildRules = (
			);
			dependencies = (
				AD31AB79188D67610083616C /* PBXTargetDependency */,
			);
			name = CLImagePickerDemoTests;
			productName = CLImagePickerDemoTests;
			productReference = AD31AB73188D67610083616C /* CLImagePickerDemoTests.xctest */;
			productType = "com.apple.product-type.bundle.unit-test";
		};
/* End PBXNativeTarget section */

/* Begin PBXProject section */
		AD31AB4A188D67610083616C /* Project object */ = {
			isa = PBXProject;
			attributes = {
				LastUpgradeCheck = 0500;
				ORGANIZATIONNAME = CALACULU;
				TargetAttributes = {
					AD31AB72188D67610083616C = {
						TestTargetID = AD31AB51188D67610083616C;
					};
				};
			};
			buildConfigurationList = AD31AB4D188D67610083616C /* Build configuration list for PBXProject "CLImagePickerDemo" */;
			compatibilityVersion = "Xcode 3.2";
			developmentRegion = English;
			hasScannedForEncodings = 0;
			knownRegions = (
				en,
				Base,
			);
			mainGroup = AD31AB49188D67610083616C;
			productRefGroup = AD31AB53188D67610083616C /* Products */;
			projectDirPath = "";
			projectRoot = "";
			targets = (
				AD31AB51188D67610083616C /* CLImagePickerDemo */,
				AD31AB72188D67610083616C /* CLImagePickerDemoTests */,
			);
		};
/* End PBXProject section */

/* Begin PBXResourcesBuildPhase section */
		AD31AB50188D67610083616C /* Resources */ = {
			isa = PBXResourcesBuildPhase;
			buildActionMask = 2147483647;
			files = (
				AD31AB6E188D67610083616C /* Images.xcassets in Resources */,
				AD31AB60188D67610083616C /* InfoPlist.strings in Resources */,
				AD31AB69188D67610083616C /* Main.storyboard in Resources */,
				AD3428A8189B52A8009A9511 /* default.jpg in Resources */,
			);
			runOnlyForDeploymentPostprocessing = 0;
		};
		AD31AB71188D67610083616C /* Resources */ = {
			isa = PBXResourcesBuildPhase;
			buildActionMask = 2147483647;
			files = (
				AD31AB7F188D67610083616C /* InfoPlist.strings in Resources */,
			);
			runOnlyForDeploymentPostprocessing = 0;
		};
/* End PBXResourcesBuildPhase section */

/* Begin PBXShellScriptBuildPhase section */
		07C0AB32DB884A5999CE028B /* Copy Pods Resources */ = {
			isa = PBXShellScriptBuildPhase;
			buildActionMask = 2147483647;
			files = (
			);
			inputPaths = (
			);
			name = "Copy Pods Resources";
			outputPaths = (
			);
			runOnlyForDeploymentPostprocessing = 0;
			shellPath = /bin/sh;
			shellScript = "\"${SRCROOT}/Pods/Pods-resources.sh\"\n";
			showEnvVarsInLog = 0;
		};
		0E4014D9FCC94415B78E5662 /* Check Pods Manifest.lock */ = {
			isa = PBXShellScriptBuildPhase;
			buildActionMask = 2147483647;
			files = (
			);
			inputPaths = (
			);
			name = "Check Pods Manifest.lock";
			outputPaths = (
			);
			runOnlyForDeploymentPostprocessing = 0;
			shellPath = /bin/sh;
			shellScript = "diff \"${PODS_ROOT}/../Podfile.lock\" \"${PODS_ROOT}/Manifest.lock\" > /dev/null\nif [[ $? != 0 ]] ; then\n    cat << EOM\nerror: The sandbox is not in sync with the Podfile.lock. Run 'pod install' or update your CocoaPods installation.\nEOM\n    exit 1\nfi\n";
			showEnvVarsInLog = 0;
		};
/* End PBXShellScriptBuildPhase section */

/* Begin PBXSourcesBuildPhase section */
		AD31AB4E188D67610083616C /* Sources */ = {
			isa = PBXSourcesBuildPhase;
			buildActionMask = 2147483647;
			files = (
				AD31AB6C188D67610083616C /* ViewController.m in Sources */,
				AD31AB66188D67610083616C /* AppDelegate.m in Sources */,
				AD31AB62188D67610083616C /* main.m in Sources */,
			);
			runOnlyForDeploymentPostprocessing = 0;
		};
		AD31AB6F188D67610083616C /* Sources */ = {
			isa = PBXSourcesBuildPhase;
			buildActionMask = 2147483647;
			files = (
				AD31AB81188D67610083616C /* CLImagePickerDemoTests.m in Sources */,
			);
			runOnlyForDeploymentPostprocessing = 0;
		};
/* End PBXSourcesBuildPhase section */

/* Begin PBXTargetDependency section */
		AD31AB79188D67610083616C /* PBXTargetDependency */ = {
			isa = PBXTargetDependency;
			target = AD31AB51188D67610083616C /* CLImagePickerDemo */;
			targetProxy = AD31AB78188D67610083616C /* PBXContainerItemProxy */;
		};
/* End PBXTargetDependency section */

/* Begin PBXVariantGroup section */
		AD31AB5E188D67610083616C /* InfoPlist.strings */ = {
			isa = PBXVariantGroup;
			children = (
				AD31AB5F188D67610083616C /* en */,
			);
			name = InfoPlist.strings;
			sourceTree = "<group>";
		};
		AD31AB67188D67610083616C /* Main.storyboard */ = {
			isa = PBXVariantGroup;
			children = (
				AD31AB68188D67610083616C /* Base */,
			);
			name = Main.storyboard;
			sourceTree = "<group>";
		};
		AD31AB7D188D67610083616C /* InfoPlist.strings */ = {
			isa = PBXVariantGroup;
			children = (
				AD31AB7E188D67610083616C /* en */,
			);
			name = InfoPlist.strings;
			sourceTree = "<group>";
		};
/* End PBXVariantGroup section */

/* Begin XCBuildConfiguration section */
		AD31AB82188D67610083616C /* Debug */ = {
			isa = XCBuildConfiguration;
			buildSettings = {
				ALWAYS_SEARCH_USER_PATHS = NO;
				ARCHS = "$(ARCHS_STANDARD_INCLUDING_64_BIT)";
				CLANG_CXX_LANGUAGE_STANDARD = "gnu++0x";
				CLANG_CXX_LIBRARY = "libc++";
				CLANG_ENABLE_MODULES = YES;
				CLANG_ENABLE_OBJC_ARC = YES;
				CLANG_WARN_BOOL_CONVERSION = YES;
				CLANG_WARN_CONSTANT_CONVERSION = YES;
				CLANG_WARN_DIRECT_OBJC_ISA_USAGE = YES_ERROR;
				CLANG_WARN_EMPTY_BODY = YES;
				CLANG_WARN_ENUM_CONVERSION = YES;
				CLANG_WARN_INT_CONVERSION = YES;
				CLANG_WARN_OBJC_ROOT_CLASS = YES_ERROR;
				CLANG_WARN__DUPLICATE_METHOD_MATCH = YES;
				"CODE_SIGN_IDENTITY[sdk=iphoneos*]" = "iPhone Developer";
				COPY_PHASE_STRIP = NO;
				GCC_C_LANGUAGE_STANDARD = gnu99;
				GCC_DYNAMIC_NO_PIC = NO;
				GCC_OPTIMIZATION_LEVEL = 0;
				GCC_PREPROCESSOR_DEFINITIONS = (
					"DEBUG=1",
					"$(inherited)",
				);
				GCC_SYMBOLS_PRIVATE_EXTERN = NO;
				GCC_WARN_64_TO_32_BIT_CONVERSION = YES;
				GCC_WARN_ABOUT_RETURN_TYPE = YES_ERROR;
				GCC_WARN_UNDECLARED_SELECTOR = YES;
				GCC_WARN_UNINITIALIZED_AUTOS = YES;
				GCC_WARN_UNUSED_FUNCTION = YES;
				GCC_WARN_UNUSED_VARIABLE = YES;
				IPHONEOS_DEPLOYMENT_TARGET = 7.0;
				ONLY_ACTIVE_ARCH = YES;
				SDKROOT = iphoneos;
			};
			name = Debug;
		};
		AD31AB83188D67610083616C /* Release */ = {
			isa = XCBuildConfiguration;
			buildSettings = {
				ALWAYS_SEARCH_USER_PATHS = NO;
				ARCHS = "$(ARCHS_STANDARD_INCLUDING_64_BIT)";
				CLANG_CXX_LANGUAGE_STANDARD = "gnu++0x";
				CLANG_CXX_LIBRARY = "libc++";
				CLANG_ENABLE_MODULES = YES;
				CLANG_ENABLE_OBJC_ARC = YES;
				CLANG_WARN_BOOL_CONVERSION = YES;
				CLANG_WARN_CONSTANT_CONVERSION = YES;
				CLANG_WARN_DIRECT_OBJC_ISA_USAGE = YES_ERROR;
				CLANG_WARN_EMPTY_BODY = YES;
				CLANG_WARN_ENUM_CONVERSION = YES;
				CLANG_WARN_INT_CONVERSION = YES;
				CLANG_WARN_OBJC_ROOT_CLASS = YES_ERROR;
				CLANG_WARN__DUPLICATE_METHOD_MATCH = YES;
				"CODE_SIGN_IDENTITY[sdk=iphoneos*]" = "iPhone Developer";
				COPY_PHASE_STRIP = YES;
				ENABLE_NS_ASSERTIONS = NO;
				GCC_C_LANGUAGE_STANDARD = gnu99;
				GCC_WARN_64_TO_32_BIT_CONVERSION = YES;
				GCC_WARN_ABOUT_RETURN_TYPE = YES_ERROR;
				GCC_WARN_UNDECLARED_SELECTOR = YES;
				GCC_WARN_UNINITIALIZED_AUTOS = YES;
				GCC_WARN_UNUSED_FUNCTION = YES;
				GCC_WARN_UNUSED_VARIABLE = YES;
				IPHONEOS_DEPLOYMENT_TARGET = 7.0;
				SDKROOT = iphoneos;
				VALIDATE_PRODUCT = YES;
			};
			name = Release;
		};
		AD31AB85188D67610083616C /* Debug */ = {
			isa = XCBuildConfiguration;
			baseConfigurationReference = 64DFC31A6C274D87A73A9602 /* Pods.xcconfig */;
			buildSettings = {
				ASSETCATALOG_COMPILER_APPICON_NAME = AppIcon;
				ASSETCATALOG_COMPILER_LAUNCHIMAGE_NAME = LaunchImage;
				CODE_SIGN_IDENTITY = "iPhone Developer";
				GCC_PRECOMPILE_PREFIX_HEADER = YES;
				GCC_PREFIX_HEADER = "CLImagePickerDemo/CLImagePickerDemo-Prefix.pch";
				INFOPLIST_FILE = "CLImagePickerDemo/CLImagePickerDemo-Info.plist";
				PRODUCT_NAME = "$(TARGET_NAME)";
				PROVISIONING_PROFILE = "91162864-E58C-4B1F-9996-E8C8492D08B4";
				WRAPPER_EXTENSION = app;
			};
			name = Debug;
		};
		AD31AB86188D67610083616C /* Release */ = {
			isa = XCBuildConfiguration;
			baseConfigurationReference = 64DFC31A6C274D87A73A9602 /* Pods.xcconfig */;
			buildSettings = {
				ASSETCATALOG_COMPILER_APPICON_NAME = AppIcon;
				ASSETCATALOG_COMPILER_LAUNCHIMAGE_NAME = LaunchImage;
				GCC_PRECOMPILE_PREFIX_HEADER = YES;
				GCC_PREFIX_HEADER = "CLImagePickerDemo/CLImagePickerDemo-Prefix.pch";
				INFOPLIST_FILE = "CLImagePickerDemo/CLImagePickerDemo-Info.plist";
				PRODUCT_NAME = "$(TARGET_NAME)";
				PROVISIONING_PROFILE = "91162864-E58C-4B1F-9996-E8C8492D08B4";
				WRAPPER_EXTENSION = app;
			};
			name = Release;
		};
		AD31AB88188D67610083616C /* Debug */ = {
			isa = XCBuildConfiguration;
			buildSettings = {
				ARCHS = "$(ARCHS_STANDARD_INCLUDING_64_BIT)";
				BUNDLE_LOADER = "$(BUILT_PRODUCTS_DIR)/CLImagePickerDemo.app/CLImagePickerDemo";
				FRAMEWORK_SEARCH_PATHS = (
					"$(SDKROOT)/Developer/Library/Frameworks",
					"$(inherited)",
					"$(DEVELOPER_FRAMEWORKS_DIR)",
				);
				GCC_PRECOMPILE_PREFIX_HEADER = YES;
				GCC_PREFIX_HEADER = "CLImagePickerDemo/CLImagePickerDemo-Prefix.pch";
				GCC_PREPROCESSOR_DEFINITIONS = (
					"DEBUG=1",
					"$(inherited)",
				);
				INFOPLIST_FILE = "CLImagePickerDemoTests/CLImagePickerDemoTests-Info.plist";
				PRODUCT_NAME = "$(TARGET_NAME)";
				TEST_HOST = "$(BUNDLE_LOADER)";
				WRAPPER_EXTENSION = xctest;
			};
			name = Debug;
		};
		AD31AB89188D67610083616C /* Release */ = {
			isa = XCBuildConfiguration;
			buildSettings = {
				ARCHS = "$(ARCHS_STANDARD_INCLUDING_64_BIT)";
				BUNDLE_LOADER = "$(BUILT_PRODUCTS_DIR)/CLImagePickerDemo.app/CLImagePickerDemo";
				FRAMEWORK_SEARCH_PATHS = (
					"$(SDKROOT)/Developer/Library/Frameworks",
					"$(inherited)",
					"$(DEVELOPER_FRAMEWORKS_DIR)",
				);
				GCC_PRECOMPILE_PREFIX_HEADER = YES;
				GCC_PREFIX_HEADER = "CLImagePickerDemo/CLImagePickerDemo-Prefix.pch";
				INFOPLIST_FILE = "CLImagePickerDemoTests/CLImagePickerDemoTests-Info.plist";
				PRODUCT_NAME = "$(TARGET_NAME)";
				TEST_HOST = "$(BUNDLE_LOADER)";
				WRAPPER_EXTENSION = xctest;
			};
			name = Release;
		};
/* End XCBuildConfiguration section */

/* Begin XCConfigurationList section */
		AD31AB4D188D67610083616C /* Build configuration list for PBXProject "CLImagePickerDemo" */ = {
			isa = XCConfigurationList;
			buildConfigurations = (
				AD31AB82188D67610083616C /* Debug */,
				AD31AB83188D67610083616C /* Release */,
			);
			defaultConfigurationIsVisible = 0;
			defaultConfigurationName = Release;
		};
		AD31AB84188D67610083616C /* Build configuration list for PBXNativeTarget "CLImagePickerDemo" */ = {
			isa = XCConfigurationList;
			buildConfigurations = (
				AD31AB85188D67610083616C /* Debug */,
				AD31AB86188D67610083616C /* Release */,
			);
			defaultConfigurationIsVisible = 0;
			defaultConfigurationName = Release;
		};
		AD31AB87188D67610083616C /* Build configuration list for PBXNativeTarget "CLImagePickerDemoTests" */ = {
			isa = XCConfigurationList;
			buildConfigurations = (
				AD31AB88188D67610083616C /* Debug */,
				AD31AB89188D67610083616C /* Release */,
			);
			defaultConfigurationIsVisible = 0;
			defaultConfigurationName = Release;
		};
/* End XCConfigurationList section */
	};
	rootObject = AD31AB4A188D67610083616C /* Project object */;
}
